
Microsoft Visual Studio Solution File, Format Version 12.00
# Visual Studio Version 17
VisualStudioVersion = 17.9.34723.18
MinimumVisualStudioVersion = 10.0.40219.1
Project("{FAE04EC0-301F-11D3-BF4B-00C04F79EFBC}") = "Lab4CS", "Lab4CS\Lab4CS.csproj", "{FF4B9A2D-EDB9-4784-B387-3CB2F703F4B4}"
EndProject
Global
	GlobalSection(SolutionConfigurationPlatforms) = preSolution
		Debug|Any CPU = Debug|Any CPU
		Release|Any CPU = Release|Any CPU
	EndGlobalSection
	GlobalSection(ProjectConfigurationPlatforms) = postSolution
		{FF4B9A2D-EDB9-4784-B387-3CB2F703F4B4}.Debug|Any CPU.ActiveCfg = Debug|Any CPU
		{FF4B9A2D-EDB9-4784-B387-3CB2F703F4B4}.Debug|Any CPU.Build.0 = Debug|Any CPU
		{FF4B9A2D-EDB9-4784-B387-3CB2F703F4B4}.Release|Any CPU.ActiveCfg = Release|Any CPU
		{FF4B9A2D-EDB9-4784-B387-3CB2F703F4B4}.Release|Any CPU.Build.0 = Release|Any CPU
	EndGlobalSection
	GlobalSection(SolutionProperties) = preSolution
		HideSolutionNode = FALSE
	EndGlobalSection
	GlobalSection(ExtensibilityGlobals) = postSolution
		SolutionGuid = {C8697446-3334-4BE5-AD5D-D97BFEDEEE78}
	EndGlobalSection
EndGlobal
